
Microsoft Visual Studio Solution File, Format Version 12.00
# Visual Studio Version 16
VisualStudioVersion = 16.0.32413.511
MinimumVisualStudioVersion = 10.0.40219.1
Project("{2150E333-8FDC-42A3-9474-1A3956D46DE8}") = "ClientSolutions", "ClientSolutions", "{F30544B7-09C6-4CD3-B58A-87700F887441}"
EndProject
Project("{FAE04EC0-301F-11D3-BF4B-00C04F79EFBC}") = "ClientSolution", "ClientSolution\ClientSolution.csproj", "{C781CEB3-B617-4285-8D0E-76AE16233007}"
EndProject
Global
	GlobalSection(SolutionConfigurationPlatforms) = preSolution
		Debug|Any CPU = Debug|Any CPU
		Release|Any CPU = Release|Any CPU
	EndGlobalSection
	GlobalSection(ProjectConfigurationPlatforms) = postSolution
		{C781CEB3-B617-4285-8D0E-76AE16233007}.Debug|Any CPU.ActiveCfg = Debug|Any CPU
		{C781CEB3-B617-4285-8D0E-76AE16233007}.Debug|Any CPU.Build.0 = Debug|Any CPU
		{C781CEB3-B617-4285-8D0E-76AE16233007}.Release|Any CPU.ActiveCfg = Release|Any CPU
		{C781CEB3-B617-4285-8D0E-76AE16233007}.Release|Any CPU.Build.0 = Release|Any CPU
	EndGlobalSection
	GlobalSection(SolutionProperties) = preSolution
		HideSolutionNode = FALSE
	EndGlobalSection
	GlobalSection(NestedProjects) = preSolution
		{C781CEB3-B617-4285-8D0E-76AE16233007} = {F30544B7-09C6-4CD3-B58A-87700F887441}
	EndGlobalSection
	GlobalSection(ExtensibilityGlobals) = postSolution
		SolutionGuid = {B933F2E1-C935-408D-A85D-1AAEDFB20392}
	EndGlobalSection
EndGlobal
